
Microsoft Visual Studio Solution File, Format Version 12.00
# Visual Studio 15
VisualStudioVersion = 15.0.27130.2003
MinimumVisualStudioVersion = 10.0.40219.1
Project("{FAE04EC0-301F-11D3-BF4B-00C04F79EFBC}") = "WhoIs.Android", "WhoIs\WhoIs.Android\WhoIs.Android.csproj", "{E787B3E4-DCEC-43FD-950D-EA6488E10126}"
EndProject
Project("{FAE04EC0-301F-11D3-BF4B-00C04F79EFBC}") = "WhoIs", "WhoIs\WhoIs\WhoIs.csproj", "{F33AE610-BDD7-4985-B156-543A0139FE44}"
EndProject
Project("{FAE04EC0-301F-11D3-BF4B-00C04F79EFBC}") = "WhoIs.iOS", "WhoIs\WhoIs.iOS\WhoIs.iOS.csproj", "{7898B058-DC9D-4D5E-92CC-C4B11972DD7E}"
EndProject
Project("{2150E333-8FDC-42A3-9474-1A3956D46DE8}") = "Test", "Test", "{84F87EC5-3D0A-4F1A-B26D-14A904AC956C}"
EndProject
Project("{FAE04EC0-301F-11D3-BF4B-00C04F79EFBC}") = "UITest", "UITest\UITest.csproj", "{7A1FABED-5725-4698-997B-1D07E6EE4E52}"
EndProject
Project("{FAE04EC0-301F-11D3-BF4B-00C04F79EFBC}") = "UnitTest", "UnitTest\UnitTest.csproj", "{4C309F9A-EC63-45C5-9CA2-AAF6A04965EF}"
EndProject
Global
	GlobalSection(SolutionConfigurationPlatforms) = preSolution
		Ad-Hoc|Any CPU = Ad-Hoc|Any CPU
		Ad-Hoc|ARM = Ad-Hoc|ARM
		Ad-Hoc|iPhone = Ad-Hoc|iPhone
		Ad-Hoc|iPhoneSimulator = Ad-Hoc|iPhoneSimulator
		Ad-Hoc|x64 = Ad-Hoc|x64
		Ad-Hoc|x86 = Ad-Hoc|x86
		AppStore|Any CPU = AppStore|Any CPU
		AppStore|ARM = AppStore|ARM
		AppStore|iPhone = AppStore|iPhone
		AppStore|iPhoneSimulator = AppStore|iPhoneSimulator
		AppStore|x64 = AppStore|x64
		AppStore|x86 = AppStore|x86
		Debug|Any CPU = Debug|Any CPU
		Debug|ARM = Debug|ARM
		Debug|iPhone = Debug|iPhone
		Debug|iPhoneSimulator = Debug|iPhoneSimulator
		Debug|x64 = Debug|x64
		Debug|x86 = Debug|x86
		Release|Any CPU = Release|Any CPU
		Release|ARM = Release|ARM
		Release|iPhone = Release|iPhone
		Release|iPhoneSimulator = Release|iPhoneSimulator
		Release|x64 = Release|x64
		Release|x86 = Release|x86
	EndGlobalSection
	GlobalSection(ProjectConfigurationPlatforms) = postSolution
		{E787B3E4-DCEC-43FD-950D-EA6488E10126}.Ad-Hoc|Any CPU.ActiveCfg = Release|Any CPU
		{E787B3E4-DCEC-43FD-950D-EA6488E10126}.Ad-Hoc|Any CPU.Build.0 = Release|Any CPU
		{E787B3E4-DCEC-43FD-950D-EA6488E10126}.Ad-Hoc|Any CPU.Deploy.0 = Release|Any CPU
		{E787B3E4-DCEC-43FD-950D-EA6488E10126}.Ad-Hoc|ARM.ActiveCfg = Release|Any CPU
		{E787B3E4-DCEC-43FD-950D-EA6488E10126}.Ad-Hoc|ARM.Build.0 = Release|Any CPU
		{E787B3E4-DCEC-43FD-950D-EA6488E10126}.Ad-Hoc|ARM.Deploy.0 = Release|Any CPU
		{E787B3E4-DCEC-43FD-950D-EA6488E10126}.Ad-Hoc|iPhone.ActiveCfg = Release|Any CPU
		{E787B3E4-DCEC-43FD-950D-EA6488E10126}.Ad-Hoc|iPhone.Build.0 = Release|Any CPU
		{E787B3E4-DCEC-43FD-950D-EA6488E10126}.Ad-Hoc|iPhone.Deploy.0 = Release|Any CPU
		{E787B3E4-DCEC-43FD-950D-EA6488E10126}.Ad-Hoc|iPhoneSimulator.ActiveCfg = Release|Any CPU
		{E787B3E4-DCEC-43FD-950D-EA6488E10126}.Ad-Hoc|iPhoneSimulator.Build.0 = Release|Any CPU
		{E787B3E4-DCEC-43FD-950D-EA6488E10126}.Ad-Hoc|iPhoneSimulator.Deploy.0 = Release|Any CPU
		{E787B3E4-DCEC-43FD-950D-EA6488E10126}.Ad-Hoc|x64.ActiveCfg = Release|Any CPU
		{E787B3E4-DCEC-43FD-950D-EA6488E10126}.Ad-Hoc|x64.Build.0 = Release|Any CPU
		{E787B3E4-DCEC-43FD-950D-EA6488E10126}.Ad-Hoc|x64.Deploy.0 = Release|Any CPU
		{E787B3E4-DCEC-43FD-950D-EA6488E10126}.Ad-Hoc|x86.ActiveCfg = Release|Any CPU
		{E787B3E4-DCEC-43FD-950D-EA6488E10126}.Ad-Hoc|x86.Build.0 = Release|Any CPU
		{E787B3E4-DCEC-43FD-950D-EA6488E10126}.Ad-Hoc|x86.Deploy.0 = Release|Any CPU
		{E787B3E4-DCEC-43FD-950D-EA6488E10126}.AppStore|Any CPU.ActiveCfg = Release|Any CPU
		{E787B3E4-DCEC-43FD-950D-EA6488E10126}.AppStore|Any CPU.Build.0 = Release|Any CPU
		{E787B3E4-DCEC-43FD-950D-EA6488E10126}.AppStore|Any CPU.Deploy.0 = Release|Any CPU
		{E787B3E4-DCEC-43FD-950D-EA6488E10126}.AppStore|ARM.ActiveCfg = Release|Any CPU
		{E787B3E4-DCEC-43FD-950D-EA6488E10126}.AppStore|ARM.Build.0 = Release|Any CPU
		{E787B3E4-DCEC-43FD-950D-EA6488E10126}.AppStore|ARM.Deploy.0 = Release|Any CPU
		{E787B3E4-DCEC-43FD-950D-EA6488E10126}.AppStore|iPhone.ActiveCfg = Release|Any CPU
		{E787B3E4-DCEC-43FD-950D-EA6488E10126}.AppStore|iPhone.Build.0 = Release|Any CPU
		{E787B3E4-DCEC-43FD-950D-EA6488E10126}.AppStore|iPhone.Deploy.0 = Release|Any CPU
		{E787B3E4-DCEC-43FD-950D-EA6488E10126}.AppStore|iPhoneSimulator.ActiveCfg = Release|Any CPU
		{E787B3E4-DCEC-43FD-950D-EA6488E10126}.AppStore|iPhoneSimulator.Build.0 = Release|Any CPU
		{E787B3E4-DCEC-43FD-950D-EA6488E10126}.AppStore|iPhoneSimulator.Deploy.0 = Release|Any CPU
		{E787B3E4-DCEC-43FD-950D-EA6488E10126}.AppStore|x64.ActiveCfg = Release|Any CPU
		{E787B3E4-DCEC-43FD-950D-EA6488E10126}.AppStore|x64.Build.0 = Release|Any CPU
		{E787B3E4-DCEC-43FD-950D-EA6488E10126}.AppStore|x64.Deploy.0 = Release|Any CPU
		{E787B3E4-DCEC-43FD-950D-EA6488E10126}.AppStore|x86.ActiveCfg = Release|Any CPU
		{E787B3E4-DCEC-43FD-950D-EA6488E10126}.AppStore|x86.Build.0 = Release|Any CPU
		{E787B3E4-DCEC-43FD-950D-EA6488E10126}.AppStore|x86.Deploy.0 = Release|Any CPU
		{E787B3E4-DCEC-43FD-950D-EA6488E10126}.Debug|Any CPU.ActiveCfg = Debug|Any CPU
		{E787B3E4-DCEC-43FD-950D-EA6488E10126}.Debug|Any CPU.Build.0 = Debug|Any CPU
		{E787B3E4-DCEC-43FD-950D-EA6488E10126}.Debug|Any CPU.Deploy.0 = Debug|Any CPU
		{E787B3E4-DCEC-43FD-950D-EA6488E10126}.Debug|ARM.ActiveCfg = Debug|Any CPU
		{E787B3E4-DCEC-43FD-950D-EA6488E10126}.Debug|ARM.Build.0 = Debug|Any CPU
		{E787B3E4-DCEC-43FD-950D-EA6488E10126}.Debug|ARM.Deploy.0 = Debug|Any CPU
		{E787B3E4-DCEC-43FD-950D-EA6488E10126}.Debug|iPhone.ActiveCfg = Debug|Any CPU
		{E787B3E4-DCEC-43FD-950D-EA6488E10126}.Debug|iPhone.Build.0 = Debug|Any CPU
		{E787B3E4-DCEC-43FD-950D-EA6488E10126}.Debug|iPhone.Deploy.0 = Debug|Any CPU
		{E787B3E4-DCEC-43FD-950D-EA6488E10126}.Debug|iPhoneSimulator.ActiveCfg = Debug|Any CPU
		{E787B3E4-DCEC-43FD-950D-EA6488E10126}.Debug|iPhoneSimulator.Build.0 = Debug|Any CPU
		{E787B3E4-DCEC-43FD-950D-EA6488E10126}.Debug|iPhoneSimulator.Deploy.0 = Debug|Any CPU
		{E787B3E4-DCEC-43FD-950D-EA6488E10126}.Debug|x64.ActiveCfg = Debug|Any CPU
		{E787B3E4-DCEC-43FD-950D-EA6488E10126}.Debug|x64.Build.0 = Debug|Any CPU
		{E787B3E4-DCEC-43FD-950D-EA6488E10126}.Debug|x64.Deploy.0 = Debug|Any CPU
		{E787B3E4-DCEC-43FD-950D-EA6488E10126}.Debug|x86.ActiveCfg = Debug|Any CPU
		{E787B3E4-DCEC-43FD-950D-EA6488E10126}.Debug|x86.Build.0 = Debug|Any CPU
		{E787B3E4-DCEC-43FD-950D-EA6488E10126}.Debug|x86.Deploy.0 = Debug|Any CPU
		{E787B3E4-DCEC-43FD-950D-EA6488E10126}.Release|Any CPU.ActiveCfg = Release|Any CPU
		{E787B3E4-DCEC-43FD-950D-EA6488E10126}.Release|Any CPU.Build.0 = Release|Any CPU
		{E787B3E4-DCEC-43FD-950D-EA6488E10126}.Release|Any CPU.Deploy.0 = Release|Any CPU
		{E787B3E4-DCEC-43FD-950D-EA6488E10126}.Release|ARM.ActiveCfg = Release|Any CPU
		{E787B3E4-DCEC-43FD-950D-EA6488E10126}.Release|ARM.Build.0 = Release|Any CPU
		{E787B3E4-DCEC-43FD-950D-EA6488E10126}.Release|ARM.Deploy.0 = Release|Any CPU
		{E787B3E4-DCEC-43FD-950D-EA6488E10126}.Release|iPhone.ActiveCfg = Release|Any CPU
		{E787B3E4-DCEC-43FD-950D-EA6488E10126}.Release|iPhone.Build.0 = Release|Any CPU
		{E787B3E4-DCEC-43FD-950D-EA6488E10126}.Release|iPhone.Deploy.0 = Release|Any CPU
		{E787B3E4-DCEC-43FD-950D-EA6488E10126}.Release|iPhoneSimulator.ActiveCfg = Release|Any CPU
		{E787B3E4-DCEC-43FD-950D-EA6488E10126}.Release|iPhoneSimulator.Build.0 = Release|Any CPU
		{E787B3E4-DCEC-43FD-950D-EA6488E10126}.Release|iPhoneSimulator.Deploy.0 = Release|Any CPU
		{E787B3E4-DCEC-43FD-950D-EA6488E10126}.Release|x64.ActiveCfg = Release|Any CPU
		{E787B3E4-DCEC-43FD-950D-EA6488E10126}.Release|x64.Build.0 = Release|Any CPU
		{E787B3E4-DCEC-43FD-950D-EA6488E10126}.Release|x64.Deploy.0 = Release|Any CPU
		{E787B3E4-DCEC-43FD-950D-EA6488E10126}.Release|x86.ActiveCfg = Release|Any CPU
		{E787B3E4-DCEC-43FD-950D-EA6488E10126}.Release|x86.Build.0 = Release|Any CPU
		{E787B3E4-DCEC-43FD-950D-EA6488E10126}.Release|x86.Deploy.0 = Release|Any CPU
		{F33AE610-BDD7-4985-B156-543A0139FE44}.Ad-Hoc|Any CPU.ActiveCfg = Release|Any CPU
		{F33AE610-BDD7-4985-B156-543A0139FE44}.Ad-Hoc|Any CPU.Build.0 = Release|Any CPU
		{F33AE610-BDD7-4985-B156-543A0139FE44}.Ad-Hoc|ARM.ActiveCfg = Release|Any CPU
		{F33AE610-BDD7-4985-B156-543A0139FE44}.Ad-Hoc|ARM.Build.0 = Release|Any CPU
		{F33AE610-BDD7-4985-B156-543A0139FE44}.Ad-Hoc|iPhone.ActiveCfg = Release|Any CPU
		{F33AE610-BDD7-4985-B156-543A0139FE44}.Ad-Hoc|iPhone.Build.0 = Release|Any CPU
		{F33AE610-BDD7-4985-B156-543A0139FE44}.Ad-Hoc|iPhoneSimulator.ActiveCfg = Release|Any CPU
		{F33AE610-BDD7-4985-B156-543A0139FE44}.Ad-Hoc|iPhoneSimulator.Build.0 = Release|Any CPU
		{F33AE610-BDD7-4985-B156-543A0139FE44}.Ad-Hoc|x64.ActiveCfg = Release|Any CPU
		{F33AE610-BDD7-4985-B156-543A0139FE44}.Ad-Hoc|x64.Build.0 = Release|Any CPU
		{F33AE610-BDD7-4985-B156-543A0139FE44}.Ad-Hoc|x86.ActiveCfg = Release|Any CPU
		{F33AE610-BDD7-4985-B156-543A0139FE44}.Ad-Hoc|x86.Build.0 = Release|Any CPU
		{F33AE610-BDD7-4985-B156-543A0139FE44}.AppStore|Any CPU.ActiveCfg = Release|Any CPU
		{F33AE610-BDD7-4985-B156-543A0139FE44}.AppStore|Any CPU.Build.0 = Release|Any CPU
		{F33AE610-BDD7-4985-B156-543A0139FE44}.AppStore|ARM.ActiveCfg = Release|Any CPU
		{F33AE610-BDD7-4985-B156-543A0139FE44}.AppStore|ARM.Build.0 = Release|Any CPU
		{F33AE610-BDD7-4985-B156-543A0139FE44}.AppStore|iPhone.ActiveCfg = Release|Any CPU
		{F33AE610-BDD7-4985-B156-543A0139FE44}.AppStore|iPhone.Build.0 = Release|Any CPU
		{F33AE610-BDD7-4985-B156-543A0139FE44}.AppStore|iPhoneSimulator.ActiveCfg = Release|Any CPU
		{F33AE610-BDD7-4985-B156-543A0139FE44}.AppStore|iPhoneSimulator.Build.0 = Release|Any CPU
		{F33AE610-BDD7-4985-B156-543A0139FE44}.AppStore|x64.ActiveCfg = Release|Any CPU
		{F33AE610-BDD7-4985-B156-543A0139FE44}.AppStore|x64.Build.0 = Release|Any CPU
		{F33AE610-BDD7-4985-B156-543A0139FE44}.AppStore|x86.ActiveCfg = Release|Any CPU
		{F33AE610-BDD7-4985-B156-543A0139FE44}.AppStore|x86.Build.0 = Release|Any CPU
		{F33AE610-BDD7-4985-B156-543A0139FE44}.Debug|Any CPU.ActiveCfg = Debug|Any CPU
		{F33AE610-BDD7-4985-B156-543A0139FE44}.Debug|Any CPU.Build.0 = Debug|Any CPU
		{F33AE610-BDD7-4985-B156-543A0139FE44}.Debug|ARM.ActiveCfg = Debug|Any CPU
		{F33AE610-BDD7-4985-B156-543A0139FE44}.Debug|ARM.Build.0 = Debug|Any CPU
		{F33AE610-BDD7-4985-B156-543A0139FE44}.Debug|iPhone.ActiveCfg = Debug|Any CPU
		{F33AE610-BDD7-4985-B156-543A0139FE44}.Debug|iPhone.Build.0 = Debug|Any CPU
		{F33AE610-BDD7-4985-B156-543A0139FE44}.Debug|iPhoneSimulator.ActiveCfg = Debug|Any CPU
		{F33AE610-BDD7-4985-B156-543A0139FE44}.Debug|iPhoneSimulator.Build.0 = Debug|Any CPU
		{F33AE610-BDD7-4985-B156-543A0139FE44}.Debug|x64.ActiveCfg = Debug|Any CPU
		{F33AE610-BDD7-4985-B156-543A0139FE44}.Debug|x64.Build.0 = Debug|Any CPU
		{F33AE610-BDD7-4985-B156-543A0139FE44}.Debug|x86.ActiveCfg = Debug|Any CPU
		{F33AE610-BDD7-4985-B156-543A0139FE44}.Debug|x86.Build.0 = Debug|Any CPU
		{F33AE610-BDD7-4985-B156-543A0139FE44}.Release|Any CPU.ActiveCfg = Release|Any CPU
		{F33AE610-BDD7-4985-B156-543A0139FE44}.Release|Any CPU.Build.0 = Release|Any CPU
		{F33AE610-BDD7-4985-B156-543A0139FE44}.Release|ARM.ActiveCfg = Release|Any CPU
		{F33AE610-BDD7-4985-B156-543A0139FE44}.Release|ARM.Build.0 = Release|Any CPU
		{F33AE610-BDD7-4985-B156-543A0139FE44}.Release|iPhone.ActiveCfg = Release|Any CPU
		{F33AE610-BDD7-4985-B156-543A0139FE44}.Release|iPhone.Build.0 = Release|Any CPU
		{F33AE610-BDD7-4985-B156-543A0139FE44}.Release|iPhoneSimulator.ActiveCfg = Release|Any CPU
		{F33AE610-BDD7-4985-B156-543A0139FE44}.Release|iPhoneSimulator.Build.0 = Release|Any CPU
		{F33AE610-BDD7-4985-B156-543A0139FE44}.Release|x64.ActiveCfg = Release|Any CPU
		{F33AE610-BDD7-4985-B156-543A0139FE44}.Release|x64.Build.0 = Release|Any CPU
		{F33AE610-BDD7-4985-B156-543A0139FE44}.Release|x86.ActiveCfg = Release|Any CPU
		{F33AE610-BDD7-4985-B156-543A0139FE44}.Release|x86.Build.0 = Release|Any CPU
		{7898B058-DC9D-4D5E-92CC-C4B11972DD7E}.Ad-Hoc|Any CPU.ActiveCfg = Ad-Hoc|iPhone
		{7898B058-DC9D-4D5E-92CC-C4B11972DD7E}.Ad-Hoc|ARM.ActiveCfg = Ad-Hoc|iPhone
		{7898B058-DC9D-4D5E-92CC-C4B11972DD7E}.Ad-Hoc|iPhone.ActiveCfg = Ad-Hoc|iPhone
		{7898B058-DC9D-4D5E-92CC-C4B11972DD7E}.Ad-Hoc|iPhone.Build.0 = Ad-Hoc|iPhone
		{7898B058-DC9D-4D5E-92CC-C4B11972DD7E}.Ad-Hoc|iPhoneSimulator.ActiveCfg = Ad-Hoc|iPhoneSimulator
		{7898B058-DC9D-4D5E-92CC-C4B11972DD7E}.Ad-Hoc|iPhoneSimulator.Build.0 = Ad-Hoc|iPhoneSimulator
		{7898B058-DC9D-4D5E-92CC-C4B11972DD7E}.Ad-Hoc|x64.ActiveCfg = Ad-Hoc|iPhone
		{7898B058-DC9D-4D5E-92CC-C4B11972DD7E}.Ad-Hoc|x86.ActiveCfg = Ad-Hoc|iPhone
		{7898B058-DC9D-4D5E-92CC-C4B11972DD7E}.AppStore|Any CPU.ActiveCfg = AppStore|iPhone
		{7898B058-DC9D-4D5E-92CC-C4B11972DD7E}.AppStore|ARM.ActiveCfg = AppStore|iPhone
		{7898B058-DC9D-4D5E-92CC-C4B11972DD7E}.AppStore|iPhone.ActiveCfg = AppStore|iPhone
		{7898B058-DC9D-4D5E-92CC-C4B11972DD7E}.AppStore|iPhone.Build.0 = AppStore|iPhone
		{7898B058-DC9D-4D5E-92CC-C4B11972DD7E}.AppStore|iPhoneSimulator.ActiveCfg = AppStore|iPhoneSimulator
		{7898B058-DC9D-4D5E-92CC-C4B11972DD7E}.AppStore|iPhoneSimulator.Build.0 = AppStore|iPhoneSimulator
		{7898B058-DC9D-4D5E-92CC-C4B11972DD7E}.AppStore|x64.ActiveCfg = AppStore|iPhone
		{7898B058-DC9D-4D5E-92CC-C4B11972DD7E}.AppStore|x86.ActiveCfg = AppStore|iPhone
		{7898B058-DC9D-4D5E-92CC-C4B11972DD7E}.Debug|Any CPU.ActiveCfg = Debug|iPhone
		{7898B058-DC9D-4D5E-92CC-C4B11972DD7E}.Debug|ARM.ActiveCfg = Debug|iPhone
		{7898B058-DC9D-4D5E-92CC-C4B11972DD7E}.Debug|iPhone.ActiveCfg = Debug|iPhone
		{7898B058-DC9D-4D5E-92CC-C4B11972DD7E}.Debug|iPhone.Build.0 = Debug|iPhone
		{7898B058-DC9D-4D5E-92CC-C4B11972DD7E}.Debug|iPhoneSimulator.ActiveCfg = Debug|iPhoneSimulator
		{7898B058-DC9D-4D5E-92CC-C4B11972DD7E}.Debug|iPhoneSimulator.Build.0 = Debug|iPhoneSimulator
		{7898B058-DC9D-4D5E-92CC-C4B11972DD7E}.Debug|x64.ActiveCfg = Debug|iPhone
		{7898B058-DC9D-4D5E-92CC-C4B11972DD7E}.Debug|x86.ActiveCfg = Debug|iPhone
		{7898B058-DC9D-4D5E-92CC-C4B11972DD7E}.Release|Any CPU.ActiveCfg = Release|iPhone
		{7898B058-DC9D-4D5E-92CC-C4B11972DD7E}.Release|ARM.ActiveCfg = Release|iPhone
		{7898B058-DC9D-4D5E-92CC-C4B11972DD7E}.Release|iPhone.ActiveCfg = Release|iPhone
		{7898B058-DC9D-4D5E-92CC-C4B11972DD7E}.Release|iPhone.Build.0 = Release|iPhone
		{7898B058-DC9D-4D5E-92CC-C4B11972DD7E}.Release|iPhoneSimulator.ActiveCfg = Release|iPhoneSimulator
		{7898B058-DC9D-4D5E-92CC-C4B11972DD7E}.Release|iPhoneSimulator.Build.0 = Release|iPhoneSimulator
		{7898B058-DC9D-4D5E-92CC-C4B11972DD7E}.Release|x64.ActiveCfg = Release|iPhone
		{7898B058-DC9D-4D5E-92CC-C4B11972DD7E}.Release|x86.ActiveCfg = Release|iPhone
		{7A1FABED-5725-4698-997B-1D07E6EE4E52}.Ad-Hoc|Any CPU.ActiveCfg = Release|Any CPU
		{7A1FABED-5725-4698-997B-1D07E6EE4E52}.Ad-Hoc|Any CPU.Build.0 = Release|Any CPU
		{7A1FABED-5725-4698-997B-1D07E6EE4E52}.Ad-Hoc|ARM.ActiveCfg = Release|Any CPU
		{7A1FABED-5725-4698-997B-1D07E6EE4E52}.Ad-Hoc|ARM.Build.0 = Release|Any CPU
		{7A1FABED-5725-4698-997B-1D07E6EE4E52}.Ad-Hoc|iPhone.ActiveCfg = Release|Any CPU
		{7A1FABED-5725-4698-997B-1D07E6EE4E52}.Ad-Hoc|iPhone.Build.0 = Release|Any CPU
		{7A1FABED-5725-4698-997B-1D07E6EE4E52}.Ad-Hoc|iPhoneSimulator.ActiveCfg = Release|Any CPU
		{7A1FABED-5725-4698-997B-1D07E6EE4E52}.Ad-Hoc|iPhoneSimulator.Build.0 = Release|Any CPU
		{7A1FABED-5725-4698-997B-1D07E6EE4E52}.Ad-Hoc|x64.ActiveCfg = Release|Any CPU
		{7A1FABED-5725-4698-997B-1D07E6EE4E52}.Ad-Hoc|x64.Build.0 = Release|Any CPU
		{7A1FABED-5725-4698-997B-1D07E6EE4E52}.Ad-Hoc|x86.ActiveCfg = Release|Any CPU
		{7A1FABED-5725-4698-997B-1D07E6EE4E52}.Ad-Hoc|x86.Build.0 = Release|Any CPU
		{7A1FABED-5725-4698-997B-1D07E6EE4E52}.AppStore|Any CPU.ActiveCfg = Release|Any CPU
		{7A1FABED-5725-4698-997B-1D07E6EE4E52}.AppStore|Any CPU.Build.0 = Release|Any CPU
		{7A1FABED-5725-4698-997B-1D07E6EE4E52}.AppStore|ARM.ActiveCfg = Release|Any CPU
		{7A1FABED-5725-4698-997B-1D07E6EE4E52}.AppStore|ARM.Build.0 = Release|Any CPU
		{7A1FABED-5725-4698-997B-1D07E6EE4E52}.AppStore|iPhone.ActiveCfg = Release|Any CPU
		{7A1FABED-5725-4698-997B-1D07E6EE4E52}.AppStore|iPhone.Build.0 = Release|Any CPU
		{7A1FABED-5725-4698-997B-1D07E6EE4E52}.AppStore|iPhoneSimulator.ActiveCfg = Release|Any CPU
		{7A1FABED-5725-4698-997B-1D07E6EE4E52}.AppStore|iPhoneSimulator.Build.0 = Release|Any CPU
		{7A1FABED-5725-4698-997B-1D07E6EE4E52}.AppStore|x64.ActiveCfg = Release|Any CPU
		{7A1FABED-5725-4698-997B-1D07E6EE4E52}.AppStore|x64.Build.0 = Release|Any CPU
		{7A1FABED-5725-4698-997B-1D07E6EE4E52}.AppStore|x86.ActiveCfg = Release|Any CPU
		{7A1FABED-5725-4698-997B-1D07E6EE4E52}.AppStore|x86.Build.0 = Release|Any CPU
		{7A1FABED-5725-4698-997B-1D07E6EE4E52}.Debug|Any CPU.ActiveCfg = Debug|Any CPU
		{7A1FABED-5725-4698-997B-1D07E6EE4E52}.Debug|Any CPU.Build.0 = Debug|Any CPU
		{7A1FABED-5725-4698-997B-1D07E6EE4E52}.Debug|ARM.ActiveCfg = Debug|Any CPU
		{7A1FABED-5725-4698-997B-1D07E6EE4E52}.Debug|ARM.Build.0 = Debug|Any CPU
		{7A1FABED-5725-4698-997B-1D07E6EE4E52}.Debug|iPhone.ActiveCfg = Debug|Any CPU
		{7A1FABED-5725-4698-997B-1D07E6EE4E52}.Debug|iPhone.Build.0 = Debug|Any CPU
		{7A1FABED-5725-4698-997B-1D07E6EE4E52}.Debug|iPhoneSimulator.ActiveCfg = Debug|Any CPU
		{7A1FABED-5725-4698-997B-1D07E6EE4E52}.Debug|iPhoneSimulator.Build.0 = Debug|Any CPU
		{7A1FABED-5725-4698-997B-1D07E6EE4E52}.Debug|x64.ActiveCfg = Debug|Any CPU
		{7A1FABED-5725-4698-997B-1D07E6EE4E52}.Debug|x64.Build.0 = Debug|Any CPU
		{7A1FABED-5725-4698-997B-1D07E6EE4E52}.Debug|x86.ActiveCfg = Debug|Any CPU
		{7A1FABED-5725-4698-997B-1D07E6EE4E52}.Debug|x86.Build.0 = Debug|Any CPU
		{7A1FABED-5725-4698-997B-1D07E6EE4E52}.Release|Any CPU.ActiveCfg = Release|Any CPU
		{7A1FABED-5725-4698-997B-1D07E6EE4E52}.Release|Any CPU.Build.0 = Release|Any CPU
		{7A1FABED-5725-4698-997B-1D07E6EE4E52}.Release|ARM.ActiveCfg = Release|Any CPU
		{7A1FABED-5725-4698-997B-1D07E6EE4E52}.Release|ARM.Build.0 = Release|Any CPU
		{7A1FABED-5725-4698-997B-1D07E6EE4E52}.Release|iPhone.ActiveCfg = Release|Any CPU
		{7A1FABED-5725-4698-997B-1D07E6EE4E52}.Release|iPhone.Build.0 = Release|Any CPU
		{7A1FABED-5725-4698-997B-1D07E6EE4E52}.Release|iPhoneSimulator.ActiveCfg = Release|Any CPU
		{7A1FABED-5725-4698-997B-1D07E6EE4E52}.Release|iPhoneSimulator.Build.0 = Release|Any CPU
		{7A1FABED-5725-4698-997B-1D07E6EE4E52}.Release|x64.ActiveCfg = Release|Any CPU
		{7A1FABED-5725-4698-997B-1D07E6EE4E52}.Release|x64.Build.0 = Release|Any CPU
		{7A1FABED-5725-4698-997B-1D07E6EE4E52}.Release|x86.ActiveCfg = Release|Any CPU
		{7A1FABED-5725-4698-997B-1D07E6EE4E52}.Release|x86.Build.0 = Release|Any CPU
		{4C309F9A-EC63-45C5-9CA2-AAF6A04965EF}.Ad-Hoc|Any CPU.ActiveCfg = Release|Any CPU
		{4C309F9A-EC63-45C5-9CA2-AAF6A04965EF}.Ad-Hoc|Any CPU.Build.0 = Release|Any CPU
		{4C309F9A-EC63-45C5-9CA2-AAF6A04965EF}.Ad-Hoc|ARM.ActiveCfg = Release|Any CPU
		{4C309F9A-EC63-45C5-9CA2-AAF6A04965EF}.Ad-Hoc|ARM.Build.0 = Release|Any CPU
		{4C309F9A-EC63-45C5-9CA2-AAF6A04965EF}.Ad-Hoc|iPhone.ActiveCfg = Release|Any CPU
		{4C309F9A-EC63-45C5-9CA2-AAF6A04965EF}.Ad-Hoc|iPhone.Build.0 = Release|Any CPU
		{4C309F9A-EC63-45C5-9CA2-AAF6A04965EF}.Ad-Hoc|iPhoneSimulator.ActiveCfg = Release|Any CPU
		{4C309F9A-EC63-45C5-9CA2-AAF6A04965EF}.Ad-Hoc|iPhoneSimulator.Build.0 = Release|Any CPU
		{4C309F9A-EC63-45C5-9CA2-AAF6A04965EF}.Ad-Hoc|x64.ActiveCfg = Release|Any CPU
		{4C309F9A-EC63-45C5-9CA2-AAF6A04965EF}.Ad-Hoc|x64.Build.0 = Release|Any CPU
		{4C309F9A-EC63-45C5-9CA2-AAF6A04965EF}.Ad-Hoc|x86.ActiveCfg = Release|Any CPU
		{4C309F9A-EC63-45C5-9CA2-AAF6A04965EF}.Ad-Hoc|x86.Build.0 = Release|Any CPU
		{4C309F9A-EC63-45C5-9CA2-AAF6A04965EF}.AppStore|Any CPU.ActiveCfg = Release|Any CPU
		{4C309F9A-EC63-45C5-9CA2-AAF6A04965EF}.AppStore|Any CPU.Build.0 = Release|Any CPU
		{4C309F9A-EC63-45C5-9CA2-AAF6A04965EF}.AppStore|ARM.ActiveCfg = Release|Any CPU
		{4C309F9A-EC63-45C5-9CA2-AAF6A04965EF}.AppStore|ARM.Build.0 = Release|Any CPU
		{4C309F9A-EC63-45C5-9CA2-AAF6A04965EF}.AppStore|iPhone.ActiveCfg = Release|Any CPU
		{4C309F9A-EC63-45C5-9CA2-AAF6A04965EF}.AppStore|iPhone.Build.0 = Release|Any CPU
		{4C309F9A-EC63-45C5-9CA2-AAF6A04965EF}.AppStore|iPhoneSimulator.ActiveCfg = Release|Any CPU
		{4C309F9A-EC63-45C5-9CA2-AAF6A04965EF}.AppStore|iPhoneSimulator.Build.0 = Release|Any CPU
		{4C309F9A-EC63-45C5-9CA2-AAF6A04965EF}.AppStore|x64.ActiveCfg = Release|Any CPU
		{4C309F9A-EC63-45C5-9CA2-AAF6A04965EF}.AppStore|x64.Build.0 = Release|Any CPU
		{4C309F9A-EC63-45C5-9CA2-AAF6A04965EF}.AppStore|x86.ActiveCfg = Release|Any CPU
		{4C309F9A-EC63-45C5-9CA2-AAF6A04965EF}.AppStore|x86.Build.0 = Release|Any CPU
		{4C309F9A-EC63-45C5-9CA2-AAF6A04965EF}.Debug|Any CPU.ActiveCfg = Debug|Any CPU
		{4C309F9A-EC63-45C5-9CA2-AAF6A04965EF}.Debug|Any CPU.Build.0 = Debug|Any CPU
		{4C309F9A-EC63-45C5-9CA2-AAF6A04965EF}.Debug|ARM.ActiveCfg = Debug|Any CPU
		{4C309F9A-EC63-45C5-9CA2-AAF6A04965EF}.Debug|ARM.Build.0 = Debug|Any CPU
		{4C309F9A-EC63-45C5-9CA2-AAF6A04965EF}.Debug|iPhone.ActiveCfg = Debug|Any CPU
		{4C309F9A-EC63-45C5-9CA2-AAF6A04965EF}.Debug|iPhone.Build.0 = Debug|Any CPU
		{4C309F9A-EC63-45C5-9CA2-AAF6A04965EF}.Debug|iPhoneSimulator.ActiveCfg = Debug|Any CPU
		{4C309F9A-EC63-45C5-9CA2-AAF6A04965EF}.Debug|iPhoneSimulator.Build.0 = Debug|Any CPU
		{4C309F9A-EC63-45C5-9CA2-AAF6A04965EF}.Debug|x64.ActiveCfg = Debug|Any CPU
		{4C309F9A-EC63-45C5-9CA2-AAF6A04965EF}.Debug|x64.Build.0 = Debug|Any CPU
		{4C309F9A-EC63-45C5-9CA2-AAF6A04965EF}.Debug|x86.ActiveCfg = Debug|Any CPU
		{4C309F9A-EC63-45C5-9CA2-AAF6A04965EF}.Debug|x86.Build.0 = Debug|Any CPU
		{4C309F9A-EC63-45C5-9CA2-AAF6A04965EF}.Release|Any CPU.ActiveCfg = Release|Any CPU
		{4C309F9A-EC63-45C5-9CA2-AAF6A04965EF}.Release|Any CPU.Build.0 = Release|Any CPU
		{4C309F9A-EC63-45C5-9CA2-AAF6A04965EF}.Release|ARM.ActiveCfg = Release|Any CPU
		{4C309F9A-EC63-45C5-9CA2-AAF6A04965EF}.Release|ARM.Build.0 = Release|Any CPU
		{4C309F9A-EC63-45C5-9CA2-AAF6A04965EF}.Release|iPhone.ActiveCfg = Release|Any CPU
		{4C309F9A-EC63-45C5-9CA2-AAF6A04965EF}.Release|iPhone.Build.0 = Release|Any CPU
		{4C309F9A-EC63-45C5-9CA2-AAF6A04965EF}.Release|iPhoneSimulator.ActiveCfg = Release|Any CPU
		{4C309F9A-EC63-45C5-9CA2-AAF6A04965EF}.Release|iPhoneSimulator.Build.0 = Release|Any CPU
		{4C309F9A-EC63-45C5-9CA2-AAF6A04965EF}.Release|x64.ActiveCfg = Release|Any CPU
		{4C309F9A-EC63-45C5-9CA2-AAF6A04965EF}.Release|x64.Build.0 = Release|Any CPU
		{4C309F9A-EC63-45C5-9CA2-AAF6A04965EF}.Release|x86.ActiveCfg = Release|Any CPU
		{4C309F9A-EC63-45C5-9CA2-AAF6A04965EF}.Release|x86.Build.0 = Release|Any CPU
	EndGlobalSection
	GlobalSection(SolutionProperties) = preSolution
		HideSolutionNode = FALSE
	EndGlobalSection
	GlobalSection(NestedProjects) = preSolution
		{7A1FABED-5725-4698-997B-1D07E6EE4E52} = {84F87EC5-3D0A-4F1A-B26D-14A904AC956C}
		{4C309F9A-EC63-45C5-9CA2-AAF6A04965EF} = {84F87EC5-3D0A-4F1A-B26D-14A904AC956C}
	EndGlobalSection
	GlobalSection(ExtensibilityGlobals) = postSolution
		SolutionGuid = {ABC3CDC6-3AA2-4B3C-BF2B-C849993C8522}
	EndGlobalSection
EndGlobal
